
Microsoft Visual Studio Solution File, Format Version 12.00
# Visual Studio Version 17
VisualStudioVersion = 17.3.32922.545
MinimumVisualStudioVersion = 10.0.40219.1
Project("{9A19103F-16F7-4668-BE54-9A1E7A4F7556}") = "KooliProjekt", "KooliProjekt\KooliProjekt.csproj", "{B6064AB2-66AC-4896-9DFE-E8C97404F6E0}"
EndProject
Project("{9A19103F-16F7-4668-BE54-9A1E7A4F7556}") = "KooliProjekt.UnitTests", "KooliProjekt.UnitTests\KooliProjekt.UnitTests.csproj", "{1BD92ABB-A8A2-4A38-8205-A04715EAF526}"
EndProject
Project("{9A19103F-16F7-4668-BE54-9A1E7A4F7556}") = "KooliProjekt.IntegrationTests", "KooliProjekt.IntegrationTests\KooliProjekt.IntegrationTests.csproj", "{73AE03C9-9B35-4245-8DA0-547EBCFE68D2}"
EndProject
Project("{9A19103F-16F7-4668-BE54-9A1E7A4F7556}") = "KooliProjekt.WpfApp", "KooliProjekt.WpfApp\KooliProjekt.WpfApp.csproj", "{EE3FE370-8CE4-49C4-ACB6-0072F4485416}"
EndProject
Project("{FAE04EC0-301F-11D3-BF4B-00C04F79EFBC}") = "KooliProjekt.WpfApp.UnitTests", "KooliProjekt.WpfApp.UnitTests\KooliProjekt.WpfApp.UnitTests.csproj", "{3746283C-279A-4D73-9EDB-AFD55EB3ADE3}"
EndProject
Project("{FAE04EC0-301F-11D3-BF4B-00C04F79EFBC}") = "KooliProjekt.WinFormsApp", "KooliProjekt.WinFormsApp\KooliProjekt.WinFormsApp.csproj", "{61D8089C-74EE-CFA8-2B0B-372F4EEF1EC5}"
EndProject
Global
	GlobalSection(SolutionConfigurationPlatforms) = preSolution
		Debug|Any CPU = Debug|Any CPU
		Release|Any CPU = Release|Any CPU
	EndGlobalSection
	GlobalSection(ProjectConfigurationPlatforms) = postSolution
		{B6064AB2-66AC-4896-9DFE-E8C97404F6E0}.Debug|Any CPU.ActiveCfg = Debug|Any CPU
		{B6064AB2-66AC-4896-9DFE-E8C97404F6E0}.Debug|Any CPU.Build.0 = Debug|Any CPU
		{B6064AB2-66AC-4896-9DFE-E8C97404F6E0}.Release|Any CPU.ActiveCfg = Release|Any CPU
		{B6064AB2-66AC-4896-9DFE-E8C97404F6E0}.Release|Any CPU.Build.0 = Release|Any CPU
		{1BD92ABB-A8A2-4A38-8205-A04715EAF526}.Debug|Any CPU.ActiveCfg = Debug|Any CPU
		{1BD92ABB-A8A2-4A38-8205-A04715EAF526}.Debug|Any CPU.Build.0 = Debug|Any CPU
		{1BD92ABB-A8A2-4A38-8205-A04715EAF526}.Release|Any CPU.ActiveCfg = Release|Any CPU
		{1BD92ABB-A8A2-4A38-8205-A04715EAF526}.Release|Any CPU.Build.0 = Release|Any CPU
		{73AE03C9-9B35-4245-8DA0-547EBCFE68D2}.Debug|Any CPU.ActiveCfg = Debug|Any CPU
		{73AE03C9-9B35-4245-8DA0-547EBCFE68D2}.Debug|Any CPU.Build.0 = Debug|Any CPU
		{73AE03C9-9B35-4245-8DA0-547EBCFE68D2}.Release|Any CPU.ActiveCfg = Release|Any CPU
		{73AE03C9-9B35-4245-8DA0-547EBCFE68D2}.Release|Any CPU.Build.0 = Release|Any CPU
		{EE3FE370-8CE4-49C4-ACB6-0072F4485416}.Debug|Any CPU.ActiveCfg = Debug|Any CPU
		{EE3FE370-8CE4-49C4-ACB6-0072F4485416}.Debug|Any CPU.Build.0 = Debug|Any CPU
		{EE3FE370-8CE4-49C4-ACB6-0072F4485416}.Release|Any CPU.ActiveCfg = Release|Any CPU
		{EE3FE370-8CE4-49C4-ACB6-0072F4485416}.Release|Any CPU.Build.0 = Release|Any CPU
		{3746283C-279A-4D73-9EDB-AFD55EB3ADE3}.Debug|Any CPU.ActiveCfg = Debug|Any CPU
		{3746283C-279A-4D73-9EDB-AFD55EB3ADE3}.Debug|Any CPU.Build.0 = Debug|Any CPU
		{3746283C-279A-4D73-9EDB-AFD55EB3ADE3}.Release|Any CPU.ActiveCfg = Release|Any CPU
		{3746283C-279A-4D73-9EDB-AFD55EB3ADE3}.Release|Any CPU.Build.0 = Release|Any CPU
		{61D8089C-74EE-CFA8-2B0B-372F4EEF1EC5}.Debug|Any CPU.ActiveCfg = Debug|Any CPU
		{61D8089C-74EE-CFA8-2B0B-372F4EEF1EC5}.Debug|Any CPU.Build.0 = Debug|Any CPU
		{61D8089C-74EE-CFA8-2B0B-372F4EEF1EC5}.Release|Any CPU.ActiveCfg = Release|Any CPU
		{61D8089C-74EE-CFA8-2B0B-372F4EEF1EC5}.Release|Any CPU.Build.0 = Release|Any CPU
	EndGlobalSection
	GlobalSection(SolutionProperties) = preSolution
		HideSolutionNode = FALSE
	EndGlobalSection
	GlobalSection(ExtensibilityGlobals) = postSolution
		SolutionGuid = {792456E2-8406-497C-97E7-7999439674C1}
	EndGlobalSection
EndGlobal
